
Microsoft Visual Studio Solution File, Format Version 12.00
# Visual Studio Version 17
VisualStudioVersion = 17.11.35327.3
MinimumVisualStudioVersion = 10.0.40219.1
Project("{FAE04EC0-301F-11D3-BF4B-00C04F79EFBC}") = "Dev-Cpp-IDEA", "Dev-Cpp-IDEA\Dev-Cpp-IDEA.csproj", "{39115EFC-94DF-4409-8899-8CBDA9D10B19}"
EndProject
Global
	GlobalSection(SolutionConfigurationPlatforms) = preSolution
		Debug|Any CPU = Debug|Any CPU
		Release|Any CPU = Release|Any CPU
	EndGlobalSection
	GlobalSection(ProjectConfigurationPlatforms) = postSolution
		{39115EFC-94DF-4409-8899-8CBDA9D10B19}.Debug|Any CPU.ActiveCfg = Debug|Any CPU
		{39115EFC-94DF-4409-8899-8CBDA9D10B19}.Debug|Any CPU.Build.0 = Debug|Any CPU
		{39115EFC-94DF-4409-8899-8CBDA9D10B19}.Release|Any CPU.ActiveCfg = Release|Any CPU
		{39115EFC-94DF-4409-8899-8CBDA9D10B19}.Release|Any CPU.Build.0 = Release|Any CPU
	EndGlobalSection
	GlobalSection(SolutionProperties) = preSolution
		HideSolutionNode = FALSE
	EndGlobalSection
	GlobalSection(ExtensibilityGlobals) = postSolution
		SolutionGuid = {710FFAD5-1F31-407C-B935-65EA76D0AF43}
	EndGlobalSection
EndGlobal
